
Microsoft Visual Studio Solution File, Format Version 12.00
# Visual Studio Version 17
VisualStudioVersion = 17.8.34511.84
MinimumVisualStudioVersion = 10.0.40219.1
Project("{9A19103F-16F7-4668-BE54-9A1E7A4F7556}") = "MyCalculator", "MyCalculator\MyCalculator.csproj", "{6A5D6D29-1F63-45CD-97FE-648B7114F50C}"
EndProject
Project("{9A19103F-16F7-4668-BE54-9A1E7A4F7556}") = "MyCalculatorWPF", "MyCalculatorWPF\MyCalculatorWPF.csproj", "{E551B6DB-8F3F-4BB4-BF5E-05C163971EB5}"
EndProject
Project("{FAE04EC0-301F-11D3-BF4B-00C04F79EFBC}") = "ClassLibraryWpf", "ClassLibraryWpf\ClassLibraryWpf.csproj", "{0645C3BE-24D8-4703-B3EA-41DDCFCE2090}"
EndProject
Global
	GlobalSection(SolutionConfigurationPlatforms) = preSolution
		Debug|Any CPU = Debug|Any CPU
		Release|Any CPU = Release|Any CPU
	EndGlobalSection
	GlobalSection(ProjectConfigurationPlatforms) = postSolution
		{6A5D6D29-1F63-45CD-97FE-648B7114F50C}.Debug|Any CPU.ActiveCfg = Debug|Any CPU
		{6A5D6D29-1F63-45CD-97FE-648B7114F50C}.Debug|Any CPU.Build.0 = Debug|Any CPU
		{6A5D6D29-1F63-45CD-97FE-648B7114F50C}.Release|Any CPU.ActiveCfg = Release|Any CPU
		{6A5D6D29-1F63-45CD-97FE-648B7114F50C}.Release|Any CPU.Build.0 = Release|Any CPU
		{E551B6DB-8F3F-4BB4-BF5E-05C163971EB5}.Debug|Any CPU.ActiveCfg = Debug|Any CPU
		{E551B6DB-8F3F-4BB4-BF5E-05C163971EB5}.Debug|Any CPU.Build.0 = Debug|Any CPU
		{E551B6DB-8F3F-4BB4-BF5E-05C163971EB5}.Release|Any CPU.ActiveCfg = Release|Any CPU
		{E551B6DB-8F3F-4BB4-BF5E-05C163971EB5}.Release|Any CPU.Build.0 = Release|Any CPU
		{0645C3BE-24D8-4703-B3EA-41DDCFCE2090}.Debug|Any CPU.ActiveCfg = Debug|Any CPU
		{0645C3BE-24D8-4703-B3EA-41DDCFCE2090}.Debug|Any CPU.Build.0 = Debug|Any CPU
		{0645C3BE-24D8-4703-B3EA-41DDCFCE2090}.Release|Any CPU.ActiveCfg = Release|Any CPU
		{0645C3BE-24D8-4703-B3EA-41DDCFCE2090}.Release|Any CPU.Build.0 = Release|Any CPU
	EndGlobalSection
	GlobalSection(SolutionProperties) = preSolution
		HideSolutionNode = FALSE
	EndGlobalSection
	GlobalSection(ExtensibilityGlobals) = postSolution
		SolutionGuid = {A4DBC2F3-67A3-4369-9B70-E46CBDBBE837}
	EndGlobalSection
EndGlobal
